
Microsoft Visual Studio Solution File, Format Version 12.00
# Visual Studio 15
VisualStudioVersion = 15.0.27703.2000
MinimumVisualStudioVersion = 10.0.40219.1
Project("{FAE04EC0-301F-11D3-BF4B-00C04F79EFBC}") = "TestApplikation", "TestApplikation\TestApplikation.csproj", "{581F1C51-7E5F-455D-905E-172109610B00}"
EndProject
Project("{FAE04EC0-301F-11D3-BF4B-00C04F79EFBC}") = "Variabler", "Variabler\Variabler.csproj", "{2113A400-2BAA-45BF-AA5B-67960ACB8144}"
EndProject
Project("{FAE04EC0-301F-11D3-BF4B-00C04F79EFBC}") = "02_DatoOpg", "02_DatoOpg\02_DatoOpg.csproj", "{DC96776D-049F-471D-8CEF-BDD9FEF2B970}"
EndProject
Project("{FAE04EC0-301F-11D3-BF4B-00C04F79EFBC}") = "ReferenceTypes", "ReferenceTypes\ReferenceTypes.csproj", "{769AC393-B978-454D-9B68-42F82039BD74}"
EndProject
Project("{FAE04EC0-301F-11D3-BF4B-00C04F79EFBC}") = "03_Arrays", "03_Arrays\03_Arrays.csproj", "{069E3DCF-1499-43B7-9C7C-720E22AA89A1}"
EndProject
Project("{FAE04EC0-301F-11D3-BF4B-00C04F79EFBC}") = "04_Strenge", "04_Strenge\04_Strenge.csproj", "{F1F84A8B-2A2E-497F-BDFB-B2AB0F97F101}"
EndProject
Project("{FAE04EC0-301F-11D3-BF4B-00C04F79EFBC}") = "05_ForIf", "05_ForIf\05_ForIf.csproj", "{B1DC2CD6-60B0-4ECC-BCC1-AB76D5088951}"
EndProject
Project("{FAE04EC0-301F-11D3-BF4B-00C04F79EFBC}") = "06_SmåMetoder", "06_SmåMetoder\06_SmåMetoder.csproj", "{72AD47BB-B70E-47DF-843F-2F4FE987E472}"
EndProject
Project("{FAE04EC0-301F-11D3-BF4B-00C04F79EFBC}") = "07_Overload", "07_Overload\07_Overload.csproj", "{63285C27-ECC5-4104-A7C3-51995CDDEA97}"
EndProject
Project("{FAE04EC0-301F-11D3-BF4B-00C04F79EFBC}") = "08_ForskelPåClassStruct", "08_ForskelPåClassStruct\08_ForskelPåClassStruct.csproj", "{CF1649B7-C260-4C52-9123-A7578E7AA43D}"
EndProject
Project("{FAE04EC0-301F-11D3-BF4B-00C04F79EFBC}") = "09_BeregnArray", "09_BeregnArray\09_BeregnArray.csproj", "{ECC4DF6E-B1B2-4CB6-9E7E-B597738565B1}"
EndProject
Project("{FAE04EC0-301F-11D3-BF4B-00C04F79EFBC}") = "10_SimpelKlasse", "10_SimpelKlasse\10_SimpelKlasse.csproj", "{6D1EE496-778D-4D14-9528-FBC6E54AE157}"
EndProject
Project("{FAE04EC0-301F-11D3-BF4B-00C04F79EFBC}") = "Terning1", "Terning1\Terning1.csproj", "{B0709CB0-5A7B-4CA6-A9FA-F5469511A6BE}"
EndProject
Project("{FAE04EC0-301F-11D3-BF4B-00C04F79EFBC}") = "11_Egenskaber", "11_Egenskaber\11_Egenskaber.csproj", "{6E9C180F-A1AB-4835-85AE-AAB2DD8DC15D}"
EndProject
Project("{FAE04EC0-301F-11D3-BF4B-00C04F79EFBC}") = "12_EgenskaberTrekant", "12_EgenskaberTrekant\12_EgenskaberTrekant.csproj", "{F65001F2-F172-40A6-A455-3551D2D54BD7}"
EndProject
Project("{FAE04EC0-301F-11D3-BF4B-00C04F79EFBC}") = "13_EgenskaberPerson", "13_EgenskaberPerson\13_EgenskaberPerson.csproj", "{C2CF6F39-FE99-475C-82FD-25CD80D4B2AD}"
EndProject
Project("{FAE04EC0-301F-11D3-BF4B-00C04F79EFBC}") = "14_EgenskaberTerning", "14_EgenskaberTerning\14_EgenskaberTerning.csproj", "{ACB61F35-475E-41B1-9024-18A56CCF0FF7}"
EndProject
Project("{FAE04EC0-301F-11D3-BF4B-00C04F79EFBC}") = "15_StatiskeMetoder", "15_StatiskeMetoder\15_StatiskeMetoder.csproj", "{E3A07C91-C2A4-4D3F-93D3-10F1F7ACEFC8}"
EndProject
Project("{FAE04EC0-301F-11D3-BF4B-00C04F79EFBC}") = "15_Arv", "15_Arv\15_Arv.csproj", "{EDB61432-1AB8-4CAE-A7A8-B1069C9D4220}"
EndProject
Project("{FAE04EC0-301F-11D3-BF4B-00C04F79EFBC}") = "16_ArvRandom", "16_ArvRandom\16_ArvRandom.csproj", "{60DC7C0F-4075-4E79-B25D-6FBF69CDC17C}"
EndProject
Project("{FAE04EC0-301F-11D3-BF4B-00C04F79EFBC}") = "17_PolymorfiPerson", "17_PolymorfiPerson\17_PolymorfiPerson.csproj", "{A5E4384C-884E-4FF1-95B0-B9A3CF15EAFB}"
EndProject
Project("{FAE04EC0-301F-11D3-BF4B-00C04F79EFBC}") = "18_PolymorfiDyr", "18_PolymorfiDyr\18_PolymorfiDyr.csproj", "{F630ECB9-D0A7-40A6-A03E-4A9463AE098D}"
EndProject
Project("{FAE04EC0-301F-11D3-BF4B-00C04F79EFBC}") = "19_SimpelFejlhåndtering", "19_SimpelFejlhåndtering\19_SimpelFejlhåndtering.csproj", "{F3A158FB-C6FC-4146-8BDF-CEDADCBE9D70}"
EndProject
Project("{FAE04EC0-301F-11D3-BF4B-00C04F79EFBC}") = "20_EgenException", "20_EgenException\20_EgenException.csproj", "{17C8722A-AAF0-4F29-9D23-CD85AC68512F}"
EndProject
Project("{FAE04EC0-301F-11D3-BF4B-00C04F79EFBC}") = "21_LogDemo", "21_LogDemo\21_LogDemo.csproj", "{E09D1A03-4027-4828-B5FC-1A8BF3CA8489}"
EndProject
Project("{FAE04EC0-301F-11D3-BF4B-00C04F79EFBC}") = "22_BrugEgetInterface", "22_BrugEgetInterface\22_BrugEgetInterface.csproj", "{729A6AD1-5C70-4827-B78A-758EAEE4E781}"
EndProject
Project("{FAE04EC0-301F-11D3-BF4B-00C04F79EFBC}") = "23_Compare", "23_Compare\23_Compare.csproj", "{C0702068-ED81-41A2-8AC2-E2CE112B4AE7}"
EndProject
Project("{FAE04EC0-301F-11D3-BF4B-00C04F79EFBC}") = "24_BrugAfUsing", "24_BrugAfUsing\24_BrugAfUsing.csproj", "{9E85066C-2E3C-4B16-8D28-6A383359E947}"
EndProject
Project("{FAE04EC0-301F-11D3-BF4B-00C04F79EFBC}") = "25_Collection", "25_Collection\25_Collection.csproj", "{D334B8C5-BE04-407E-89B3-2C2C4A8EF7C1}"
EndProject
Project("{FAE04EC0-301F-11D3-BF4B-00C04F79EFBC}") = "26_CollectionStack", "26_CollectionStack\26_CollectionStack.csproj", "{90BF0474-EDB8-4847-A980-DB239C07ACD5}"
EndProject
Project("{FAE04EC0-301F-11D3-BF4B-00C04F79EFBC}") = "27_GeneriskMetode", "27_GeneriskMetode\27_GeneriskMetode.csproj", "{1347A3D2-6C2B-4C92-854B-A2663A5BCF23}"
EndProject
Project("{FAE04EC0-301F-11D3-BF4B-00C04F79EFBC}") = "28_GeneriskKlasse", "28_GeneriskKlasse\28_GeneriskKlasse.csproj", "{509C8CC8-6F43-4679-8519-FF489284A961}"
EndProject
Project("{FAE04EC0-301F-11D3-BF4B-00C04F79EFBC}") = "29_DependencyInjection", "29_DependencyInjection\29_DependencyInjection.csproj", "{03ADBB33-5FAB-49A6-95DC-FCF063C0E73D}"
EndProject
Project("{FAE04EC0-301F-11D3-BF4B-00C04F79EFBC}") = "30_DelegateFunkPointer", "30_DelegateFunkPointer\30_DelegateFunkPointer.csproj", "{17BFC48C-99A0-4D7B-A50B-064FC9CE50EB}"
EndProject
Project("{FAE04EC0-301F-11D3-BF4B-00C04F79EFBC}") = "31_Delegates", "31_Delegates\31_Delegates.csproj", "{82F053D8-1DC4-4DF3-9BC6-B874364ABABC}"
EndProject
Project("{FAE04EC0-301F-11D3-BF4B-00C04F79EFBC}") = "32_DelegateFunkPointer2", "32_DelegateFunkPointer2\32_DelegateFunkPointer2.csproj", "{A88DE9E2-B450-4BE2-AF15-A58162D999A6}"
EndProject
Project("{FAE04EC0-301F-11D3-BF4B-00C04F79EFBC}") = "33_DelegateFunkPointer3", "33_DelegateFunkPointer3\33_DelegateFunkPointer3.csproj", "{753A498C-AA17-408D-9EAA-76EAD0CF0CBF}"
EndProject
Project("{FAE04EC0-301F-11D3-BF4B-00C04F79EFBC}") = "34_Lambda", "34_Lambda\34_Lambda.csproj", "{56F9A5D7-25F5-4FAA-9852-78927DD587AC}"
EndProject
Project("{FAE04EC0-301F-11D3-BF4B-00C04F79EFBC}") = "35_FileWatch", "35_FileWatch\35_FileWatch.csproj", "{4A5E920A-C76D-4849-B67E-611F5ECE8829}"
EndProject
Global
	GlobalSection(SolutionConfigurationPlatforms) = preSolution
		Debug|Any CPU = Debug|Any CPU
		Release|Any CPU = Release|Any CPU
	EndGlobalSection
	GlobalSection(ProjectConfigurationPlatforms) = postSolution
		{581F1C51-7E5F-455D-905E-172109610B00}.Debug|Any CPU.ActiveCfg = Debug|Any CPU
		{581F1C51-7E5F-455D-905E-172109610B00}.Debug|Any CPU.Build.0 = Debug|Any CPU
		{581F1C51-7E5F-455D-905E-172109610B00}.Release|Any CPU.ActiveCfg = Release|Any CPU
		{581F1C51-7E5F-455D-905E-172109610B00}.Release|Any CPU.Build.0 = Release|Any CPU
		{2113A400-2BAA-45BF-AA5B-67960ACB8144}.Debug|Any CPU.ActiveCfg = Debug|Any CPU
		{2113A400-2BAA-45BF-AA5B-67960ACB8144}.Debug|Any CPU.Build.0 = Debug|Any CPU
		{2113A400-2BAA-45BF-AA5B-67960ACB8144}.Release|Any CPU.ActiveCfg = Release|Any CPU
		{2113A400-2BAA-45BF-AA5B-67960ACB8144}.Release|Any CPU.Build.0 = Release|Any CPU
		{DC96776D-049F-471D-8CEF-BDD9FEF2B970}.Debug|Any CPU.ActiveCfg = Debug|Any CPU
		{DC96776D-049F-471D-8CEF-BDD9FEF2B970}.Debug|Any CPU.Build.0 = Debug|Any CPU
		{DC96776D-049F-471D-8CEF-BDD9FEF2B970}.Release|Any CPU.ActiveCfg = Release|Any CPU
		{DC96776D-049F-471D-8CEF-BDD9FEF2B970}.Release|Any CPU.Build.0 = Release|Any CPU
		{769AC393-B978-454D-9B68-42F82039BD74}.Debug|Any CPU.ActiveCfg = Debug|Any CPU
		{769AC393-B978-454D-9B68-42F82039BD74}.Debug|Any CPU.Build.0 = Debug|Any CPU
		{769AC393-B978-454D-9B68-42F82039BD74}.Release|Any CPU.ActiveCfg = Release|Any CPU
		{769AC393-B978-454D-9B68-42F82039BD74}.Release|Any CPU.Build.0 = Release|Any CPU
		{069E3DCF-1499-43B7-9C7C-720E22AA89A1}.Debug|Any CPU.ActiveCfg = Debug|Any CPU
		{069E3DCF-1499-43B7-9C7C-720E22AA89A1}.Debug|Any CPU.Build.0 = Debug|Any CPU
		{069E3DCF-1499-43B7-9C7C-720E22AA89A1}.Release|Any CPU.ActiveCfg = Release|Any CPU
		{069E3DCF-1499-43B7-9C7C-720E22AA89A1}.Release|Any CPU.Build.0 = Release|Any CPU
		{F1F84A8B-2A2E-497F-BDFB-B2AB0F97F101}.Debug|Any CPU.ActiveCfg = Debug|Any CPU
		{F1F84A8B-2A2E-497F-BDFB-B2AB0F97F101}.Debug|Any CPU.Build.0 = Debug|Any CPU
		{F1F84A8B-2A2E-497F-BDFB-B2AB0F97F101}.Release|Any CPU.ActiveCfg = Release|Any CPU
		{F1F84A8B-2A2E-497F-BDFB-B2AB0F97F101}.Release|Any CPU.Build.0 = Release|Any CPU
		{B1DC2CD6-60B0-4ECC-BCC1-AB76D5088951}.Debug|Any CPU.ActiveCfg = Debug|Any CPU
		{B1DC2CD6-60B0-4ECC-BCC1-AB76D5088951}.Debug|Any CPU.Build.0 = Debug|Any CPU
		{B1DC2CD6-60B0-4ECC-BCC1-AB76D5088951}.Release|Any CPU.ActiveCfg = Release|Any CPU
		{B1DC2CD6-60B0-4ECC-BCC1-AB76D5088951}.Release|Any CPU.Build.0 = Release|Any CPU
		{72AD47BB-B70E-47DF-843F-2F4FE987E472}.Debug|Any CPU.ActiveCfg = Debug|Any CPU
		{72AD47BB-B70E-47DF-843F-2F4FE987E472}.Debug|Any CPU.Build.0 = Debug|Any CPU
		{72AD47BB-B70E-47DF-843F-2F4FE987E472}.Release|Any CPU.ActiveCfg = Release|Any CPU
		{72AD47BB-B70E-47DF-843F-2F4FE987E472}.Release|Any CPU.Build.0 = Release|Any CPU
		{63285C27-ECC5-4104-A7C3-51995CDDEA97}.Debug|Any CPU.ActiveCfg = Debug|Any CPU
		{63285C27-ECC5-4104-A7C3-51995CDDEA97}.Debug|Any CPU.Build.0 = Debug|Any CPU
		{63285C27-ECC5-4104-A7C3-51995CDDEA97}.Release|Any CPU.ActiveCfg = Release|Any CPU
		{63285C27-ECC5-4104-A7C3-51995CDDEA97}.Release|Any CPU.Build.0 = Release|Any CPU
		{CF1649B7-C260-4C52-9123-A7578E7AA43D}.Debug|Any CPU.ActiveCfg = Debug|Any CPU
		{CF1649B7-C260-4C52-9123-A7578E7AA43D}.Debug|Any CPU.Build.0 = Debug|Any CPU
		{CF1649B7-C260-4C52-9123-A7578E7AA43D}.Release|Any CPU.ActiveCfg = Release|Any CPU
		{CF1649B7-C260-4C52-9123-A7578E7AA43D}.Release|Any CPU.Build.0 = Release|Any CPU
		{ECC4DF6E-B1B2-4CB6-9E7E-B597738565B1}.Debug|Any CPU.ActiveCfg = Debug|Any CPU
		{ECC4DF6E-B1B2-4CB6-9E7E-B597738565B1}.Debug|Any CPU.Build.0 = Debug|Any CPU
		{ECC4DF6E-B1B2-4CB6-9E7E-B597738565B1}.Release|Any CPU.ActiveCfg = Release|Any CPU
		{ECC4DF6E-B1B2-4CB6-9E7E-B597738565B1}.Release|Any CPU.Build.0 = Release|Any CPU
		{6D1EE496-778D-4D14-9528-FBC6E54AE157}.Debug|Any CPU.ActiveCfg = Debug|Any CPU
		{6D1EE496-778D-4D14-9528-FBC6E54AE157}.Debug|Any CPU.Build.0 = Debug|Any CPU
		{6D1EE496-778D-4D14-9528-FBC6E54AE157}.Release|Any CPU.ActiveCfg = Release|Any CPU
		{6D1EE496-778D-4D14-9528-FBC6E54AE157}.Release|Any CPU.Build.0 = Release|Any CPU
		{B0709CB0-5A7B-4CA6-A9FA-F5469511A6BE}.Debug|Any CPU.ActiveCfg = Debug|Any CPU
		{B0709CB0-5A7B-4CA6-A9FA-F5469511A6BE}.Debug|Any CPU.Build.0 = Debug|Any CPU
		{B0709CB0-5A7B-4CA6-A9FA-F5469511A6BE}.Release|Any CPU.ActiveCfg = Release|Any CPU
		{B0709CB0-5A7B-4CA6-A9FA-F5469511A6BE}.Release|Any CPU.Build.0 = Release|Any CPU
		{6E9C180F-A1AB-4835-85AE-AAB2DD8DC15D}.Debug|Any CPU.ActiveCfg = Debug|Any CPU
		{6E9C180F-A1AB-4835-85AE-AAB2DD8DC15D}.Debug|Any CPU.Build.0 = Debug|Any CPU
		{6E9C180F-A1AB-4835-85AE-AAB2DD8DC15D}.Release|Any CPU.ActiveCfg = Release|Any CPU
		{6E9C180F-A1AB-4835-85AE-AAB2DD8DC15D}.Release|Any CPU.Build.0 = Release|Any CPU
		{F65001F2-F172-40A6-A455-3551D2D54BD7}.Debug|Any CPU.ActiveCfg = Debug|Any CPU
		{F65001F2-F172-40A6-A455-3551D2D54BD7}.Debug|Any CPU.Build.0 = Debug|Any CPU
		{F65001F2-F172-40A6-A455-3551D2D54BD7}.Release|Any CPU.ActiveCfg = Release|Any CPU
		{F65001F2-F172-40A6-A455-3551D2D54BD7}.Release|Any CPU.Build.0 = Release|Any CPU
		{C2CF6F39-FE99-475C-82FD-25CD80D4B2AD}.Debug|Any CPU.ActiveCfg = Debug|Any CPU
		{C2CF6F39-FE99-475C-82FD-25CD80D4B2AD}.Debug|Any CPU.Build.0 = Debug|Any CPU
		{C2CF6F39-FE99-475C-82FD-25CD80D4B2AD}.Release|Any CPU.ActiveCfg = Release|Any CPU
		{C2CF6F39-FE99-475C-82FD-25CD80D4B2AD}.Release|Any CPU.Build.0 = Release|Any CPU
		{ACB61F35-475E-41B1-9024-18A56CCF0FF7}.Debug|Any CPU.ActiveCfg = Debug|Any CPU
		{ACB61F35-475E-41B1-9024-18A56CCF0FF7}.Debug|Any CPU.Build.0 = Debug|Any CPU
		{ACB61F35-475E-41B1-9024-18A56CCF0FF7}.Release|Any CPU.ActiveCfg = Release|Any CPU
		{ACB61F35-475E-41B1-9024-18A56CCF0FF7}.Release|Any CPU.Build.0 = Release|Any CPU
		{E3A07C91-C2A4-4D3F-93D3-10F1F7ACEFC8}.Debug|Any CPU.ActiveCfg = Debug|Any CPU
		{E3A07C91-C2A4-4D3F-93D3-10F1F7ACEFC8}.Debug|Any CPU.Build.0 = Debug|Any CPU
		{E3A07C91-C2A4-4D3F-93D3-10F1F7ACEFC8}.Release|Any CPU.ActiveCfg = Release|Any CPU
		{E3A07C91-C2A4-4D3F-93D3-10F1F7ACEFC8}.Release|Any CPU.Build.0 = Release|Any CPU
		{EDB61432-1AB8-4CAE-A7A8-B1069C9D4220}.Debug|Any CPU.ActiveCfg = Debug|Any CPU
		{EDB61432-1AB8-4CAE-A7A8-B1069C9D4220}.Debug|Any CPU.Build.0 = Debug|Any CPU
		{EDB61432-1AB8-4CAE-A7A8-B1069C9D4220}.Release|Any CPU.ActiveCfg = Release|Any CPU
		{EDB61432-1AB8-4CAE-A7A8-B1069C9D4220}.Release|Any CPU.Build.0 = Release|Any CPU
		{60DC7C0F-4075-4E79-B25D-6FBF69CDC17C}.Debug|Any CPU.ActiveCfg = Debug|Any CPU
		{60DC7C0F-4075-4E79-B25D-6FBF69CDC17C}.Debug|Any CPU.Build.0 = Debug|Any CPU
		{60DC7C0F-4075-4E79-B25D-6FBF69CDC17C}.Release|Any CPU.ActiveCfg = Release|Any CPU
		{60DC7C0F-4075-4E79-B25D-6FBF69CDC17C}.Release|Any CPU.Build.0 = Release|Any CPU
		{A5E4384C-884E-4FF1-95B0-B9A3CF15EAFB}.Debug|Any CPU.ActiveCfg = Debug|Any CPU
		{A5E4384C-884E-4FF1-95B0-B9A3CF15EAFB}.Debug|Any CPU.Build.0 = Debug|Any CPU
		{A5E4384C-884E-4FF1-95B0-B9A3CF15EAFB}.Release|Any CPU.ActiveCfg = Release|Any CPU
		{A5E4384C-884E-4FF1-95B0-B9A3CF15EAFB}.Release|Any CPU.Build.0 = Release|Any CPU
		{F630ECB9-D0A7-40A6-A03E-4A9463AE098D}.Debug|Any CPU.ActiveCfg = Debug|Any CPU
		{F630ECB9-D0A7-40A6-A03E-4A9463AE098D}.Debug|Any CPU.Build.0 = Debug|Any CPU
		{F630ECB9-D0A7-40A6-A03E-4A9463AE098D}.Release|Any CPU.ActiveCfg = Release|Any CPU
		{F630ECB9-D0A7-40A6-A03E-4A9463AE098D}.Release|Any CPU.Build.0 = Release|Any CPU
		{F3A158FB-C6FC-4146-8BDF-CEDADCBE9D70}.Debug|Any CPU.ActiveCfg = Debug|Any CPU
		{F3A158FB-C6FC-4146-8BDF-CEDADCBE9D70}.Debug|Any CPU.Build.0 = Debug|Any CPU
		{F3A158FB-C6FC-4146-8BDF-CEDADCBE9D70}.Release|Any CPU.ActiveCfg = Release|Any CPU
		{F3A158FB-C6FC-4146-8BDF-CEDADCBE9D70}.Release|Any CPU.Build.0 = Release|Any CPU
		{17C8722A-AAF0-4F29-9D23-CD85AC68512F}.Debug|Any CPU.ActiveCfg = Debug|Any CPU
		{17C8722A-AAF0-4F29-9D23-CD85AC68512F}.Debug|Any CPU.Build.0 = Debug|Any CPU
		{17C8722A-AAF0-4F29-9D23-CD85AC68512F}.Release|Any CPU.ActiveCfg = Release|Any CPU
		{17C8722A-AAF0-4F29-9D23-CD85AC68512F}.Release|Any CPU.Build.0 = Release|Any CPU
		{E09D1A03-4027-4828-B5FC-1A8BF3CA8489}.Debug|Any CPU.ActiveCfg = Debug|Any CPU
		{E09D1A03-4027-4828-B5FC-1A8BF3CA8489}.Debug|Any CPU.Build.0 = Debug|Any CPU
		{E09D1A03-4027-4828-B5FC-1A8BF3CA8489}.Release|Any CPU.ActiveCfg = Release|Any CPU
		{E09D1A03-4027-4828-B5FC-1A8BF3CA8489}.Release|Any CPU.Build.0 = Release|Any CPU
		{729A6AD1-5C70-4827-B78A-758EAEE4E781}.Debug|Any CPU.ActiveCfg = Debug|Any CPU
		{729A6AD1-5C70-4827-B78A-758EAEE4E781}.Debug|Any CPU.Build.0 = Debug|Any CPU
		{729A6AD1-5C70-4827-B78A-758EAEE4E781}.Release|Any CPU.ActiveCfg = Release|Any CPU
		{729A6AD1-5C70-4827-B78A-758EAEE4E781}.Release|Any CPU.Build.0 = Release|Any CPU
		{C0702068-ED81-41A2-8AC2-E2CE112B4AE7}.Debug|Any CPU.ActiveCfg = Debug|Any CPU
		{C0702068-ED81-41A2-8AC2-E2CE112B4AE7}.Debug|Any CPU.Build.0 = Debug|Any CPU
		{C0702068-ED81-41A2-8AC2-E2CE112B4AE7}.Release|Any CPU.ActiveCfg = Release|Any CPU
		{C0702068-ED81-41A2-8AC2-E2CE112B4AE7}.Release|Any CPU.Build.0 = Release|Any CPU
		{9E85066C-2E3C-4B16-8D28-6A383359E947}.Debug|Any CPU.ActiveCfg = Debug|Any CPU
		{9E85066C-2E3C-4B16-8D28-6A383359E947}.Debug|Any CPU.Build.0 = Debug|Any CPU
		{9E85066C-2E3C-4B16-8D28-6A383359E947}.Release|Any CPU.ActiveCfg = Release|Any CPU
		{9E85066C-2E3C-4B16-8D28-6A383359E947}.Release|Any CPU.Build.0 = Release|Any CPU
		{D334B8C5-BE04-407E-89B3-2C2C4A8EF7C1}.Debug|Any CPU.ActiveCfg = Debug|Any CPU
		{D334B8C5-BE04-407E-89B3-2C2C4A8EF7C1}.Debug|Any CPU.Build.0 = Debug|Any CPU
		{D334B8C5-BE04-407E-89B3-2C2C4A8EF7C1}.Release|Any CPU.ActiveCfg = Release|Any CPU
		{D334B8C5-BE04-407E-89B3-2C2C4A8EF7C1}.Release|Any CPU.Build.0 = Release|Any CPU
		{90BF0474-EDB8-4847-A980-DB239C07ACD5}.Debug|Any CPU.ActiveCfg = Debug|Any CPU
		{90BF0474-EDB8-4847-A980-DB239C07ACD5}.Debug|Any CPU.Build.0 = Debug|Any CPU
		{90BF0474-EDB8-4847-A980-DB239C07ACD5}.Release|Any CPU.ActiveCfg = Release|Any CPU
		{90BF0474-EDB8-4847-A980-DB239C07ACD5}.Release|Any CPU.Build.0 = Release|Any CPU
		{1347A3D2-6C2B-4C92-854B-A2663A5BCF23}.Debug|Any CPU.ActiveCfg = Debug|Any CPU
		{1347A3D2-6C2B-4C92-854B-A2663A5BCF23}.Debug|Any CPU.Build.0 = Debug|Any CPU
		{1347A3D2-6C2B-4C92-854B-A2663A5BCF23}.Release|Any CPU.ActiveCfg = Release|Any CPU
		{1347A3D2-6C2B-4C92-854B-A2663A5BCF23}.Release|Any CPU.Build.0 = Release|Any CPU
		{509C8CC8-6F43-4679-8519-FF489284A961}.Debug|Any CPU.ActiveCfg = Debug|Any CPU
		{509C8CC8-6F43-4679-8519-FF489284A961}.Debug|Any CPU.Build.0 = Debug|Any CPU
		{509C8CC8-6F43-4679-8519-FF489284A961}.Release|Any CPU.ActiveCfg = Release|Any CPU
		{509C8CC8-6F43-4679-8519-FF489284A961}.Release|Any CPU.Build.0 = Release|Any CPU
		{03ADBB33-5FAB-49A6-95DC-FCF063C0E73D}.Debug|Any CPU.ActiveCfg = Debug|Any CPU
		{03ADBB33-5FAB-49A6-95DC-FCF063C0E73D}.Debug|Any CPU.Build.0 = Debug|Any CPU
		{03ADBB33-5FAB-49A6-95DC-FCF063C0E73D}.Release|Any CPU.ActiveCfg = Release|Any CPU
		{03ADBB33-5FAB-49A6-95DC-FCF063C0E73D}.Release|Any CPU.Build.0 = Release|Any CPU
		{17BFC48C-99A0-4D7B-A50B-064FC9CE50EB}.Debug|Any CPU.ActiveCfg = Debug|Any CPU
		{17BFC48C-99A0-4D7B-A50B-064FC9CE50EB}.Debug|Any CPU.Build.0 = Debug|Any CPU
		{17BFC48C-99A0-4D7B-A50B-064FC9CE50EB}.Release|Any CPU.ActiveCfg = Release|Any CPU
		{17BFC48C-99A0-4D7B-A50B-064FC9CE50EB}.Release|Any CPU.Build.0 = Release|Any CPU
		{82F053D8-1DC4-4DF3-9BC6-B874364ABABC}.Debug|Any CPU.ActiveCfg = Debug|Any CPU
		{82F053D8-1DC4-4DF3-9BC6-B874364ABABC}.Debug|Any CPU.Build.0 = Debug|Any CPU
		{82F053D8-1DC4-4DF3-9BC6-B874364ABABC}.Release|Any CPU.ActiveCfg = Release|Any CPU
		{82F053D8-1DC4-4DF3-9BC6-B874364ABABC}.Release|Any CPU.Build.0 = Release|Any CPU
		{A88DE9E2-B450-4BE2-AF15-A58162D999A6}.Debug|Any CPU.ActiveCfg = Debug|Any CPU
		{A88DE9E2-B450-4BE2-AF15-A58162D999A6}.Debug|Any CPU.Build.0 = Debug|Any CPU
		{A88DE9E2-B450-4BE2-AF15-A58162D999A6}.Release|Any CPU.ActiveCfg = Release|Any CPU
		{A88DE9E2-B450-4BE2-AF15-A58162D999A6}.Release|Any CPU.Build.0 = Release|Any CPU
		{753A498C-AA17-408D-9EAA-76EAD0CF0CBF}.Debug|Any CPU.ActiveCfg = Debug|Any CPU
		{753A498C-AA17-408D-9EAA-76EAD0CF0CBF}.Debug|Any CPU.Build.0 = Debug|Any CPU
		{753A498C-AA17-408D-9EAA-76EAD0CF0CBF}.Release|Any CPU.ActiveCfg = Release|Any CPU
		{753A498C-AA17-408D-9EAA-76EAD0CF0CBF}.Release|Any CPU.Build.0 = Release|Any CPU
		{56F9A5D7-25F5-4FAA-9852-78927DD587AC}.Debug|Any CPU.ActiveCfg = Debug|Any CPU
		{56F9A5D7-25F5-4FAA-9852-78927DD587AC}.Debug|Any CPU.Build.0 = Debug|Any CPU
		{56F9A5D7-25F5-4FAA-9852-78927DD587AC}.Release|Any CPU.ActiveCfg = Release|Any CPU
		{56F9A5D7-25F5-4FAA-9852-78927DD587AC}.Release|Any CPU.Build.0 = Release|Any CPU
		{4A5E920A-C76D-4849-B67E-611F5ECE8829}.Debug|Any CPU.ActiveCfg = Debug|Any CPU
		{4A5E920A-C76D-4849-B67E-611F5ECE8829}.Debug|Any CPU.Build.0 = Debug|Any CPU
		{4A5E920A-C76D-4849-B67E-611F5ECE8829}.Release|Any CPU.ActiveCfg = Release|Any CPU
		{4A5E920A-C76D-4849-B67E-611F5ECE8829}.Release|Any CPU.Build.0 = Release|Any CPU
	EndGlobalSection
	GlobalSection(SolutionProperties) = preSolution
		HideSolutionNode = FALSE
	EndGlobalSection
	GlobalSection(ExtensibilityGlobals) = postSolution
		SolutionGuid = {6F378E92-4F5D-4F36-BD16-8BC3AD925F43}
	EndGlobalSection
EndGlobal
