
Microsoft Visual Studio Solution File, Format Version 12.00
# Visual Studio 15
VisualStudioVersion = 15.0.27703.2000
MinimumVisualStudioVersion = 10.0.40219.1
Project("{FAE04EC0-301F-11D3-BF4B-00C04F79EFBC}") = "TestApplikation", "TestApplikation\TestApplikation.csproj", "{581F1C51-7E5F-455D-905E-172109610B00}"
EndProject
Project("{FAE04EC0-301F-11D3-BF4B-00C04F79EFBC}") = "Variabler", "Variabler\Variabler.csproj", "{2113A400-2BAA-45BF-AA5B-67960ACB8144}"
EndProject
Project("{FAE04EC0-301F-11D3-BF4B-00C04F79EFBC}") = "02_DatoOpg", "02_DatoOpg\02_DatoOpg.csproj", "{DC96776D-049F-471D-8CEF-BDD9FEF2B970}"
EndProject
Project("{FAE04EC0-301F-11D3-BF4B-00C04F79EFBC}") = "ReferenceTypes", "ReferenceTypes\ReferenceTypes.csproj", "{769AC393-B978-454D-9B68-42F82039BD74}"
EndProject
Project("{FAE04EC0-301F-11D3-BF4B-00C04F79EFBC}") = "03_Arrays", "03_Arrays\03_Arrays.csproj", "{069E3DCF-1499-43B7-9C7C-720E22AA89A1}"
EndProject
Global
	GlobalSection(SolutionConfigurationPlatforms) = preSolution
		Debug|Any CPU = Debug|Any CPU
		Release|Any CPU = Release|Any CPU
	EndGlobalSection
	GlobalSection(ProjectConfigurationPlatforms) = postSolution
		{581F1C51-7E5F-455D-905E-172109610B00}.Debug|Any CPU.ActiveCfg = Debug|Any CPU
		{581F1C51-7E5F-455D-905E-172109610B00}.Debug|Any CPU.Build.0 = Debug|Any CPU
		{581F1C51-7E5F-455D-905E-172109610B00}.Release|Any CPU.ActiveCfg = Release|Any CPU
		{581F1C51-7E5F-455D-905E-172109610B00}.Release|Any CPU.Build.0 = Release|Any CPU
		{2113A400-2BAA-45BF-AA5B-67960ACB8144}.Debug|Any CPU.ActiveCfg = Debug|Any CPU
		{2113A400-2BAA-45BF-AA5B-67960ACB8144}.Debug|Any CPU.Build.0 = Debug|Any CPU
		{2113A400-2BAA-45BF-AA5B-67960ACB8144}.Release|Any CPU.ActiveCfg = Release|Any CPU
		{2113A400-2BAA-45BF-AA5B-67960ACB8144}.Release|Any CPU.Build.0 = Release|Any CPU
		{DC96776D-049F-471D-8CEF-BDD9FEF2B970}.Debug|Any CPU.ActiveCfg = Debug|Any CPU
		{DC96776D-049F-471D-8CEF-BDD9FEF2B970}.Debug|Any CPU.Build.0 = Debug|Any CPU
		{DC96776D-049F-471D-8CEF-BDD9FEF2B970}.Release|Any CPU.ActiveCfg = Release|Any CPU
		{DC96776D-049F-471D-8CEF-BDD9FEF2B970}.Release|Any CPU.Build.0 = Release|Any CPU
		{769AC393-B978-454D-9B68-42F82039BD74}.Debug|Any CPU.ActiveCfg = Debug|Any CPU
		{769AC393-B978-454D-9B68-42F82039BD74}.Debug|Any CPU.Build.0 = Debug|Any CPU
		{769AC393-B978-454D-9B68-42F82039BD74}.Release|Any CPU.ActiveCfg = Release|Any CPU
		{769AC393-B978-454D-9B68-42F82039BD74}.Release|Any CPU.Build.0 = Release|Any CPU
		{069E3DCF-1499-43B7-9C7C-720E22AA89A1}.Debug|Any CPU.ActiveCfg = Debug|Any CPU
		{069E3DCF-1499-43B7-9C7C-720E22AA89A1}.Debug|Any CPU.Build.0 = Debug|Any CPU
		{069E3DCF-1499-43B7-9C7C-720E22AA89A1}.Release|Any CPU.ActiveCfg = Release|Any CPU
		{069E3DCF-1499-43B7-9C7C-720E22AA89A1}.Release|Any CPU.Build.0 = Release|Any CPU
	EndGlobalSection
	GlobalSection(SolutionProperties) = preSolution
		HideSolutionNode = FALSE
	EndGlobalSection
	GlobalSection(ExtensibilityGlobals) = postSolution
		SolutionGuid = {6F378E92-4F5D-4F36-BD16-8BC3AD925F43}
	EndGlobalSection
EndGlobal
